// !$*UTF8*$!
{
	archiveVersion = 1;
	classes = {
	};
	objectVersion = 56;
	objects = {

/* Begin PBXBuildFile section */
		630DE60B2ABC7F8A009EA6F3 /* RickAndMorty.swift in Sources */ = {isa = PBXBuildFile; fileRef = 630DE60A2ABC7F8A009EA6F3 /* RickAndMorty.swift */; };
		630DE60D2ABC7F8A009EA6F3 /* ContentView.swift in Sources */ = {isa = PBXBuildFile; fileRef = 630DE60C2ABC7F8A009EA6F3 /* ContentView.swift */; };
		630DE6122ABC7F8C009EA6F3 /* Preview Assets.xcassets in Resources */ = {isa = PBXBuildFile; fileRef = 630DE6112ABC7F8C009EA6F3 /* Preview Assets.xcassets */; };
		630DE6192ABC8409009EA6F3 /* CharactersView.swift in Sources */ = {isa = PBXBuildFile; fileRef = 630DE6182ABC8409009EA6F3 /* CharactersView.swift */; };
		630DE61B2ABC8421009EA6F3 /* FavoriteCharactersView.swift in Sources */ = {isa = PBXBuildFile; fileRef = 630DE61A2ABC8421009EA6F3 /* FavoriteCharactersView.swift */; };
		630DE61D2ABC8439009EA6F3 /* CharactersDetailView.swift in Sources */ = {isa = PBXBuildFile; fileRef = 630DE61C2ABC8439009EA6F3 /* CharactersDetailView.swift */; };
		630DE61F2ABC862B009EA6F3 /* CustomTabBarView.swift in Sources */ = {isa = PBXBuildFile; fileRef = 630DE61E2ABC862B009EA6F3 /* CustomTabBarView.swift */; };
		630DE6212ABC90F0009EA6F3 /* CustomTabBarContainerView.swift in Sources */ = {isa = PBXBuildFile; fileRef = 630DE6202ABC90F0009EA6F3 /* CustomTabBarContainerView.swift */; };
		630DE6232ABC9A36009EA6F3 /* TabBarItemsPreferenceKey.swift in Sources */ = {isa = PBXBuildFile; fileRef = 630DE6222ABC9A36009EA6F3 /* TabBarItemsPreferenceKey.swift */; };
		630DE6252ABCA028009EA6F3 /* TabBarItem.swift in Sources */ = {isa = PBXBuildFile; fileRef = 630DE6242ABCA028009EA6F3 /* TabBarItem.swift */; };
		630DE62D2ABCD819009EA6F3 /* CharacterCardView.swift in Sources */ = {isa = PBXBuildFile; fileRef = 630DE62C2ABCD819009EA6F3 /* CharacterCardView.swift */; };
		630DE62F2ABCE54F009EA6F3 /* Color+CustomColors.swift in Sources */ = {isa = PBXBuildFile; fileRef = 630DE62E2ABCE54F009EA6F3 /* Color+CustomColors.swift */; };
		630DE6312ABD5DD4009EA6F3 /* CharacterNetworkManager.swift in Sources */ = {isa = PBXBuildFile; fileRef = 630DE6302ABD5DD4009EA6F3 /* CharacterNetworkManager.swift */; };
		630DE63A2ABD6950009EA6F3 /* CharacterFetchModel.swift in Sources */ = {isa = PBXBuildFile; fileRef = 630DE6392ABD6950009EA6F3 /* CharacterFetchModel.swift */; };
		630DE63C2ABD6A18009EA6F3 /* CharacterNetwork.swift in Sources */ = {isa = PBXBuildFile; fileRef = 630DE63B2ABD6A18009EA6F3 /* CharacterNetwork.swift */; };
		630DE63E2ABD6A2A009EA6F3 /* OriginOrLocation.swift in Sources */ = {isa = PBXBuildFile; fileRef = 630DE63D2ABD6A2A009EA6F3 /* OriginOrLocation.swift */; };
		630DE6422ABD6A5E009EA6F3 /* Info.swift in Sources */ = {isa = PBXBuildFile; fileRef = 630DE6412ABD6A5E009EA6F3 /* Info.swift */; };
		630DE64B2ABD7809009EA6F3 /* NetworkFetchErrors.swift in Sources */ = {isa = PBXBuildFile; fileRef = 630DE64A2ABD7809009EA6F3 /* NetworkFetchErrors.swift */; };
		630DE64F2ABD97E8009EA6F3 /* CharactersViewModel.swift in Sources */ = {isa = PBXBuildFile; fileRef = 630DE64E2ABD97E8009EA6F3 /* CharactersViewModel.swift */; };
		630DE6512ABD9880009EA6F3 /* String+SlashIfEmpty.swift in Sources */ = {isa = PBXBuildFile; fileRef = 630DE6502ABD9880009EA6F3 /* String+SlashIfEmpty.swift */; };
		631D04FA2AC6A4A7006B6BAF /* CharacterLocalManagerProtocol.swift in Sources */ = {isa = PBXBuildFile; fileRef = 631D04F92AC6A4A7006B6BAF /* CharacterLocalManagerProtocol.swift */; };
		631D05002AC6B18E006B6BAF /* CharacterNetworkManagerProtocol.swift in Sources */ = {isa = PBXBuildFile; fileRef = 631D04FF2AC6B18E006B6BAF /* CharacterNetworkManagerProtocol.swift */; };
		631D05022AC6B5BB006B6BAF /* CharactersRepositoryProtocol.swift in Sources */ = {isa = PBXBuildFile; fileRef = 631D05012AC6B5BB006B6BAF /* CharactersRepositoryProtocol.swift */; };
		631D05262AC6DCEE006B6BAF /* NetworkService.swift in Sources */ = {isa = PBXBuildFile; fileRef = 631D05252AC6DCEE006B6BAF /* NetworkService.swift */; };
		631D05282AC6DDF8006B6BAF /* NetworkServiceProtocol.swift in Sources */ = {isa = PBXBuildFile; fileRef = 631D05272AC6DDF8006B6BAF /* NetworkServiceProtocol.swift */; };
		631D05372AC6DE76006B6BAF /* Resolver+XCTest.swift in Sources */ = {isa = PBXBuildFile; fileRef = 631D05362AC6DE76006B6BAF /* Resolver+XCTest.swift */; };
		631D053A2AC6DEC0006B6BAF /* MockNetworkService.swift in Sources */ = {isa = PBXBuildFile; fileRef = 631D05392AC6DEC0006B6BAF /* MockNetworkService.swift */; };
		631D053F2AC6DFC5006B6BAF /* CharacterNetworkManagerTests.swift in Sources */ = {isa = PBXBuildFile; fileRef = 631D053E2AC6DFC5006B6BAF /* CharacterNetworkManagerTests.swift */; };
		631D05442AC81E11006B6BAF /* CharacterLocalDataManagerTests.swift in Sources */ = {isa = PBXBuildFile; fileRef = 631D05432AC81E11006B6BAF /* CharacterLocalDataManagerTests.swift */; };
		631D05462AC82000006B6BAF /* DataController.swift in Sources */ = {isa = PBXBuildFile; fileRef = 631D05452AC82000006B6BAF /* DataController.swift */; };
		631D05482AC82143006B6BAF /* DataControllerProtocol.swift in Sources */ = {isa = PBXBuildFile; fileRef = 631D05472AC82143006B6BAF /* DataControllerProtocol.swift */; };
		631D054A2AC821F1006B6BAF /* MockDataController.swift in Sources */ = {isa = PBXBuildFile; fileRef = 631D05492AC821F1006B6BAF /* MockDataController.swift */; };
		631D054C2AC840FD006B6BAF /* MockCharactersRepository.swift in Sources */ = {isa = PBXBuildFile; fileRef = 631D054B2AC840FD006B6BAF /* MockCharactersRepository.swift */; };
		631D05502AC84D91006B6BAF /* MockCharacterNetworkManager.swift in Sources */ = {isa = PBXBuildFile; fileRef = 631D054F2AC84D91006B6BAF /* MockCharacterNetworkManager.swift */; };
		631D05522AC84DA4006B6BAF /* MockCharacterLocalManager.swift in Sources */ = {isa = PBXBuildFile; fileRef = 631D05512AC84DA4006B6BAF /* MockCharacterLocalManager.swift */; };
		631D05542AC857D8006B6BAF /* CharactersRepositoryTests.swift in Sources */ = {isa = PBXBuildFile; fileRef = 631D05532AC857D8006B6BAF /* CharactersRepositoryTests.swift */; };
		631D05562ACAF201006B6BAF /* CharactersViewModelTest.swift in Sources */ = {isa = PBXBuildFile; fileRef = 631D05552ACAF201006B6BAF /* CharactersViewModelTest.swift */; };
		631D05582ACAF212006B6BAF /* FavoriteCharactersViewModelTest.swift in Sources */ = {isa = PBXBuildFile; fileRef = 631D05572ACAF212006B6BAF /* FavoriteCharactersViewModelTest.swift */; };
		631D055A2ACAF340006B6BAF /* CharactersDetailViewModelTest.swift in Sources */ = {isa = PBXBuildFile; fileRef = 631D05592ACAF340006B6BAF /* CharactersDetailViewModelTest.swift */; };
		633F7FFF2ABF3C2D006026DC /* FavoriteCharactersViewModel.swift in Sources */ = {isa = PBXBuildFile; fileRef = 633F7FFE2ABF3C2D006026DC /* FavoriteCharactersViewModel.swift */; };
		633F80022ABF3D4C006026DC /* RickAndMorty.xcdatamodeld in Sources */ = {isa = PBXBuildFile; fileRef = 633F80002ABF3D4C006026DC /* RickAndMorty.xcdatamodeld */; };
		633F80132ABF4145006026DC /* CharacterLocalDataManager.swift in Sources */ = {isa = PBXBuildFile; fileRef = 633F80122ABF4145006026DC /* CharacterLocalDataManager.swift */; };
		633F80152ABF4298006026DC /* CharactersDetailViewModel.swift in Sources */ = {isa = PBXBuildFile; fileRef = 633F80142ABF4298006026DC /* CharactersDetailViewModel.swift */; };
		633F801D2ABF5681006026DC /* LocalDataErrors.swift in Sources */ = {isa = PBXBuildFile; fileRef = 633F801C2ABF5681006026DC /* LocalDataErrors.swift */; };
		633F802B2AC1667C006026DC /* CharacterCardViewModel.swift in Sources */ = {isa = PBXBuildFile; fileRef = 633F802A2AC1667C006026DC /* CharacterCardViewModel.swift */; };
		633F802F2AC18474006026DC /* CharactersRepository.swift in Sources */ = {isa = PBXBuildFile; fileRef = 633F802E2AC18474006026DC /* CharactersRepository.swift */; };
		633F80332AC1964C006026DC /* Resolver in Frameworks */ = {isa = PBXBuildFile; productRef = 633F80322AC1964C006026DC /* Resolver */; };
		633F80352AC19660006026DC /* App+Injections.swift in Sources */ = {isa = PBXBuildFile; fileRef = 633F80342AC19660006026DC /* App+Injections.swift */; };
		633F80382AC1C4A8006026DC /* CachedAsyncImage in Frameworks */ = {isa = PBXBuildFile; productRef = 633F80372AC1C4A8006026DC /* CachedAsyncImage */; };
		633F803F2AC1D48F006026DC /* CharacterLocal+CoreDataClass.swift in Sources */ = {isa = PBXBuildFile; fileRef = 633F803D2AC1D48F006026DC /* CharacterLocal+CoreDataClass.swift */; };
		633F80402AC1D48F006026DC /* CharacterLocal+CoreDataProperties.swift in Sources */ = {isa = PBXBuildFile; fileRef = 633F803E2AC1D48F006026DC /* CharacterLocal+CoreDataProperties.swift */; };
		633F80432AC2DBEC006026DC /* Image+CustomImageNames.swift in Sources */ = {isa = PBXBuildFile; fileRef = 633F80422AC2DBEC006026DC /* Image+CustomImageNames.swift */; };
		633F80452AC311DD006026DC /* CustomTabBarViewModel.swift in Sources */ = {isa = PBXBuildFile; fileRef = 633F80442AC311DD006026DC /* CustomTabBarViewModel.swift */; };
		63F8D4172AC32B8800AA8238 /* Assets.xcassets in Resources */ = {isa = PBXBuildFile; fileRef = 63F8D4162AC32B8800AA8238 /* Assets.xcassets */; };
/* End PBXBuildFile section */

/* Begin PBXContainerItemProxy section */
		631D05312AC6DE4F006B6BAF /* PBXContainerItemProxy */ = {
			isa = PBXContainerItemProxy;
			containerPortal = 630DE5FF2ABC7F8A009EA6F3 /* Project object */;
			proxyType = 1;
			remoteGlobalIDString = 630DE6062ABC7F8A009EA6F3;
			remoteInfo = "RickAndMorty-DTxAckee";
		};
/* End PBXContainerItemProxy section */

/* Begin PBXFileReference section */
		630DE6072ABC7F8A009EA6F3 /* RickAndMorty-DTxAckee.app */ = {isa = PBXFileReference; explicitFileType = wrapper.application; includeInIndex = 0; path = "RickAndMorty-DTxAckee.app"; sourceTree = BUILT_PRODUCTS_DIR; };
		630DE60A2ABC7F8A009EA6F3 /* RickAndMorty.swift */ = {isa = PBXFileReference; lastKnownFileType = sourcecode.swift; path = RickAndMorty.swift; sourceTree = "<group>"; };
		630DE60C2ABC7F8A009EA6F3 /* ContentView.swift */ = {isa = PBXFileReference; lastKnownFileType = sourcecode.swift; path = ContentView.swift; sourceTree = "<group>"; };
		630DE6112ABC7F8C009EA6F3 /* Preview Assets.xcassets */ = {isa = PBXFileReference; lastKnownFileType = folder.assetcatalog; path = "Preview Assets.xcassets"; sourceTree = "<group>"; };
		630DE6182ABC8409009EA6F3 /* CharactersView.swift */ = {isa = PBXFileReference; lastKnownFileType = sourcecode.swift; path = CharactersView.swift; sourceTree = "<group>"; };
		630DE61A2ABC8421009EA6F3 /* FavoriteCharactersView.swift */ = {isa = PBXFileReference; lastKnownFileType = sourcecode.swift; path = FavoriteCharactersView.swift; sourceTree = "<group>"; };
		630DE61C2ABC8439009EA6F3 /* CharactersDetailView.swift */ = {isa = PBXFileReference; lastKnownFileType = sourcecode.swift; path = CharactersDetailView.swift; sourceTree = "<group>"; };
		630DE61E2ABC862B009EA6F3 /* CustomTabBarView.swift */ = {isa = PBXFileReference; lastKnownFileType = sourcecode.swift; path = CustomTabBarView.swift; sourceTree = "<group>"; };
		630DE6202ABC90F0009EA6F3 /* CustomTabBarContainerView.swift */ = {isa = PBXFileReference; lastKnownFileType = sourcecode.swift; path = CustomTabBarContainerView.swift; sourceTree = "<group>"; };
		630DE6222ABC9A36009EA6F3 /* TabBarItemsPreferenceKey.swift */ = {isa = PBXFileReference; lastKnownFileType = sourcecode.swift; path = TabBarItemsPreferenceKey.swift; sourceTree = "<group>"; };
		630DE6242ABCA028009EA6F3 /* TabBarItem.swift */ = {isa = PBXFileReference; lastKnownFileType = sourcecode.swift; path = TabBarItem.swift; sourceTree = "<group>"; };
		630DE62C2ABCD819009EA6F3 /* CharacterCardView.swift */ = {isa = PBXFileReference; lastKnownFileType = sourcecode.swift; path = CharacterCardView.swift; sourceTree = "<group>"; };
		630DE62E2ABCE54F009EA6F3 /* Color+CustomColors.swift */ = {isa = PBXFileReference; lastKnownFileType = sourcecode.swift; path = "Color+CustomColors.swift"; sourceTree = "<group>"; };
		630DE6302ABD5DD4009EA6F3 /* CharacterNetworkManager.swift */ = {isa = PBXFileReference; lastKnownFileType = sourcecode.swift; path = CharacterNetworkManager.swift; sourceTree = "<group>"; };
		630DE6392ABD6950009EA6F3 /* CharacterFetchModel.swift */ = {isa = PBXFileReference; lastKnownFileType = sourcecode.swift; path = CharacterFetchModel.swift; sourceTree = "<group>"; };
		630DE63B2ABD6A18009EA6F3 /* CharacterNetwork.swift */ = {isa = PBXFileReference; lastKnownFileType = sourcecode.swift; path = CharacterNetwork.swift; sourceTree = "<group>"; };
		630DE63D2ABD6A2A009EA6F3 /* OriginOrLocation.swift */ = {isa = PBXFileReference; lastKnownFileType = sourcecode.swift; path = OriginOrLocation.swift; sourceTree = "<group>"; };
		630DE6412ABD6A5E009EA6F3 /* Info.swift */ = {isa = PBXFileReference; lastKnownFileType = sourcecode.swift; path = Info.swift; sourceTree = "<group>"; };
		630DE64A2ABD7809009EA6F3 /* NetworkFetchErrors.swift */ = {isa = PBXFileReference; lastKnownFileType = sourcecode.swift; path = NetworkFetchErrors.swift; sourceTree = "<group>"; };
		630DE64E2ABD97E8009EA6F3 /* CharactersViewModel.swift */ = {isa = PBXFileReference; lastKnownFileType = sourcecode.swift; path = CharactersViewModel.swift; sourceTree = "<group>"; };
		630DE6502ABD9880009EA6F3 /* String+SlashIfEmpty.swift */ = {isa = PBXFileReference; lastKnownFileType = sourcecode.swift; path = "String+SlashIfEmpty.swift"; sourceTree = "<group>"; };
		631D04F92AC6A4A7006B6BAF /* CharacterLocalManagerProtocol.swift */ = {isa = PBXFileReference; lastKnownFileType = sourcecode.swift; path = CharacterLocalManagerProtocol.swift; sourceTree = "<group>"; };
		631D04FF2AC6B18E006B6BAF /* CharacterNetworkManagerProtocol.swift */ = {isa = PBXFileReference; lastKnownFileType = sourcecode.swift; path = CharacterNetworkManagerProtocol.swift; sourceTree = "<group>"; };
		631D05012AC6B5BB006B6BAF /* CharactersRepositoryProtocol.swift */ = {isa = PBXFileReference; lastKnownFileType = sourcecode.swift; path = CharactersRepositoryProtocol.swift; sourceTree = "<group>"; };
		631D05252AC6DCEE006B6BAF /* NetworkService.swift */ = {isa = PBXFileReference; lastKnownFileType = sourcecode.swift; path = NetworkService.swift; sourceTree = "<group>"; };
		631D05272AC6DDF8006B6BAF /* NetworkServiceProtocol.swift */ = {isa = PBXFileReference; lastKnownFileType = sourcecode.swift; path = NetworkServiceProtocol.swift; sourceTree = "<group>"; };
		631D052D2AC6DE4F006B6BAF /* RickAndMorty-DTxAckee_Tests.xctest */ = {isa = PBXFileReference; explicitFileType = wrapper.cfbundle; includeInIndex = 0; path = "RickAndMorty-DTxAckee_Tests.xctest"; sourceTree = BUILT_PRODUCTS_DIR; };
		631D05362AC6DE76006B6BAF /* Resolver+XCTest.swift */ = {isa = PBXFileReference; lastKnownFileType = sourcecode.swift; path = "Resolver+XCTest.swift"; sourceTree = "<group>"; };
		631D05392AC6DEC0006B6BAF /* MockNetworkService.swift */ = {isa = PBXFileReference; lastKnownFileType = sourcecode.swift; path = MockNetworkService.swift; sourceTree = "<group>"; };
		631D053E2AC6DFC5006B6BAF /* CharacterNetworkManagerTests.swift */ = {isa = PBXFileReference; lastKnownFileType = sourcecode.swift; path = CharacterNetworkManagerTests.swift; sourceTree = "<group>"; };
		631D05432AC81E11006B6BAF /* CharacterLocalDataManagerTests.swift */ = {isa = PBXFileReference; lastKnownFileType = sourcecode.swift; path = CharacterLocalDataManagerTests.swift; sourceTree = "<group>"; };
		631D05452AC82000006B6BAF /* DataController.swift */ = {isa = PBXFileReference; lastKnownFileType = sourcecode.swift; path = DataController.swift; sourceTree = "<group>"; };
		631D05472AC82143006B6BAF /* DataControllerProtocol.swift */ = {isa = PBXFileReference; lastKnownFileType = sourcecode.swift; path = DataControllerProtocol.swift; sourceTree = "<group>"; };
		631D05492AC821F1006B6BAF /* MockDataController.swift */ = {isa = PBXFileReference; lastKnownFileType = sourcecode.swift; path = MockDataController.swift; sourceTree = "<group>"; };
		631D054B2AC840FD006B6BAF /* MockCharactersRepository.swift */ = {isa = PBXFileReference; lastKnownFileType = sourcecode.swift; path = MockCharactersRepository.swift; sourceTree = "<group>"; };
		631D054F2AC84D91006B6BAF /* MockCharacterNetworkManager.swift */ = {isa = PBXFileReference; lastKnownFileType = sourcecode.swift; path = MockCharacterNetworkManager.swift; sourceTree = "<group>"; };
		631D05512AC84DA4006B6BAF /* MockCharacterLocalManager.swift */ = {isa = PBXFileReference; lastKnownFileType = sourcecode.swift; path = MockCharacterLocalManager.swift; sourceTree = "<group>"; };
		631D05532AC857D8006B6BAF /* CharactersRepositoryTests.swift */ = {isa = PBXFileReference; lastKnownFileType = sourcecode.swift; path = CharactersRepositoryTests.swift; sourceTree = "<group>"; };
		631D05552ACAF201006B6BAF /* CharactersViewModelTest.swift */ = {isa = PBXFileReference; lastKnownFileType = sourcecode.swift; path = CharactersViewModelTest.swift; sourceTree = "<group>"; };
		631D05572ACAF212006B6BAF /* FavoriteCharactersViewModelTest.swift */ = {isa = PBXFileReference; lastKnownFileType = sourcecode.swift; path = FavoriteCharactersViewModelTest.swift; sourceTree = "<group>"; };
		631D05592ACAF340006B6BAF /* CharactersDetailViewModelTest.swift */ = {isa = PBXFileReference; lastKnownFileType = sourcecode.swift; path = CharactersDetailViewModelTest.swift; sourceTree = "<group>"; };
		633F7FFE2ABF3C2D006026DC /* FavoriteCharactersViewModel.swift */ = {isa = PBXFileReference; lastKnownFileType = sourcecode.swift; path = FavoriteCharactersViewModel.swift; sourceTree = "<group>"; };
		633F80012ABF3D4C006026DC /* RickAndMorty.xcdatamodel */ = {isa = PBXFileReference; lastKnownFileType = wrapper.xcdatamodel; path = RickAndMorty.xcdatamodel; sourceTree = "<group>"; };
		633F80122ABF4145006026DC /* CharacterLocalDataManager.swift */ = {isa = PBXFileReference; lastKnownFileType = sourcecode.swift; path = CharacterLocalDataManager.swift; sourceTree = "<group>"; };
		633F80142ABF4298006026DC /* CharactersDetailViewModel.swift */ = {isa = PBXFileReference; lastKnownFileType = sourcecode.swift; path = CharactersDetailViewModel.swift; sourceTree = "<group>"; };
		633F801C2ABF5681006026DC /* LocalDataErrors.swift */ = {isa = PBXFileReference; lastKnownFileType = sourcecode.swift; path = LocalDataErrors.swift; sourceTree = "<group>"; };
		633F802A2AC1667C006026DC /* CharacterCardViewModel.swift */ = {isa = PBXFileReference; lastKnownFileType = sourcecode.swift; path = CharacterCardViewModel.swift; sourceTree = "<group>"; };
		633F802E2AC18474006026DC /* CharactersRepository.swift */ = {isa = PBXFileReference; lastKnownFileType = sourcecode.swift; path = CharactersRepository.swift; sourceTree = "<group>"; };
		633F80342AC19660006026DC /* App+Injections.swift */ = {isa = PBXFileReference; lastKnownFileType = sourcecode.swift; path = "App+Injections.swift"; sourceTree = "<group>"; };
		633F803D2AC1D48F006026DC /* CharacterLocal+CoreDataClass.swift */ = {isa = PBXFileReference; lastKnownFileType = sourcecode.swift; path = "CharacterLocal+CoreDataClass.swift"; sourceTree = "<group>"; };
		633F803E2AC1D48F006026DC /* CharacterLocal+CoreDataProperties.swift */ = {isa = PBXFileReference; lastKnownFileType = sourcecode.swift; path = "CharacterLocal+CoreDataProperties.swift"; sourceTree = "<group>"; };
		633F80422AC2DBEC006026DC /* Image+CustomImageNames.swift */ = {isa = PBXFileReference; lastKnownFileType = sourcecode.swift; path = "Image+CustomImageNames.swift"; sourceTree = "<group>"; };
		633F80442AC311DD006026DC /* CustomTabBarViewModel.swift */ = {isa = PBXFileReference; lastKnownFileType = sourcecode.swift; path = CustomTabBarViewModel.swift; sourceTree = "<group>"; };
		63F8D4162AC32B8800AA8238 /* Assets.xcassets */ = {isa = PBXFileReference; lastKnownFileType = folder.assetcatalog; path = Assets.xcassets; sourceTree = "<group>"; };
/* End PBXFileReference section */

/* Begin PBXFrameworksBuildPhase section */
		630DE6042ABC7F8A009EA6F3 /* Frameworks */ = {
			isa = PBXFrameworksBuildPhase;
			buildActionMask = 2147483647;
			files = (
				633F80332AC1964C006026DC /* Resolver in Frameworks */,
				633F80382AC1C4A8006026DC /* CachedAsyncImage in Frameworks */,
			);
			runOnlyForDeploymentPostprocessing = 0;
		};
		631D052A2AC6DE4F006B6BAF /* Frameworks */ = {
			isa = PBXFrameworksBuildPhase;
			buildActionMask = 2147483647;
			files = (
			);
			runOnlyForDeploymentPostprocessing = 0;
		};
/* End PBXFrameworksBuildPhase section */

/* Begin PBXGroup section */
		630DE5FE2ABC7F8A009EA6F3 = {
			isa = PBXGroup;
			children = (
				630DE6092ABC7F8A009EA6F3 /* RickAndMorty-DTxAckee */,
				631D052E2AC6DE4F006B6BAF /* RickAndMorty-DTxAckee_Tests */,
				630DE6082ABC7F8A009EA6F3 /* Products */,
			);
			sourceTree = "<group>";
		};
		630DE6082ABC7F8A009EA6F3 /* Products */ = {
			isa = PBXGroup;
			children = (
				630DE6072ABC7F8A009EA6F3 /* RickAndMorty-DTxAckee.app */,
				631D052D2AC6DE4F006B6BAF /* RickAndMorty-DTxAckee_Tests.xctest */,
			);
			name = Products;
			sourceTree = "<group>";
		};
		630DE6092ABC7F8A009EA6F3 /* RickAndMorty-DTxAckee */ = {
			isa = PBXGroup;
			children = (
				630DE60A2ABC7F8A009EA6F3 /* RickAndMorty.swift */,
				63F8D4162AC32B8800AA8238 /* Assets.xcassets */,
				633F80412AC2C7C4006026DC /* Injections */,
				630DE6362ABD5FC1009EA6F3 /* Model */,
				630DE62B2ABCD795009EA6F3 /* View */,
				633F7FFD2ABF3BF1006026DC /* ViewModel */,
				630DE6332ABD5E1E009EA6F3 /* Extensions */,
				630DE6102ABC7F8C009EA6F3 /* Preview Content */,
			);
			path = "RickAndMorty-DTxAckee";
			sourceTree = "<group>";
		};
		630DE6102ABC7F8C009EA6F3 /* Preview Content */ = {
			isa = PBXGroup;
			children = (
				630DE6112ABC7F8C009EA6F3 /* Preview Assets.xcassets */,
			);
			path = "Preview Content";
			sourceTree = "<group>";
		};
		630DE6262ABCA3D3009EA6F3 /* CustomTabBar */ = {
			isa = PBXGroup;
			children = (
				630DE61E2ABC862B009EA6F3 /* CustomTabBarView.swift */,
				630DE6202ABC90F0009EA6F3 /* CustomTabBarContainerView.swift */,
				630DE6242ABCA028009EA6F3 /* TabBarItem.swift */,
				630DE6222ABC9A36009EA6F3 /* TabBarItemsPreferenceKey.swift */,
			);
			path = CustomTabBar;
			sourceTree = "<group>";
		};
		630DE62B2ABCD795009EA6F3 /* View */ = {
			isa = PBXGroup;
			children = (
				630DE60C2ABC7F8A009EA6F3 /* ContentView.swift */,
				630DE6182ABC8409009EA6F3 /* CharactersView.swift */,
				630DE61A2ABC8421009EA6F3 /* FavoriteCharactersView.swift */,
				630DE61C2ABC8439009EA6F3 /* CharactersDetailView.swift */,
				630DE62C2ABCD819009EA6F3 /* CharacterCardView.swift */,
				630DE6262ABCA3D3009EA6F3 /* CustomTabBar */,
			);
			path = View;
			sourceTree = "<group>";
		};
		630DE6322ABD5DD8009EA6F3 /* Network (All Characters) */ = {
			isa = PBXGroup;
			children = (
				633F80302AC18EC9006026DC /* NetworkModel */,
				630DE6302ABD5DD4009EA6F3 /* CharacterNetworkManager.swift */,
				631D05252AC6DCEE006B6BAF /* NetworkService.swift */,
				630DE64A2ABD7809009EA6F3 /* NetworkFetchErrors.swift */,
				631D04FF2AC6B18E006B6BAF /* CharacterNetworkManagerProtocol.swift */,
				631D05272AC6DDF8006B6BAF /* NetworkServiceProtocol.swift */,
			);
			path = "Network (All Characters)";
			sourceTree = "<group>";
		};
		630DE6332ABD5E1E009EA6F3 /* Extensions */ = {
			isa = PBXGroup;
			children = (
				630DE62E2ABCE54F009EA6F3 /* Color+CustomColors.swift */,
				630DE6502ABD9880009EA6F3 /* String+SlashIfEmpty.swift */,
				633F80422AC2DBEC006026DC /* Image+CustomImageNames.swift */,
			);
			path = Extensions;
			sourceTree = "<group>";
		};
		630DE6362ABD5FC1009EA6F3 /* Model */ = {
			isa = PBXGroup;
			children = (
				633F802E2AC18474006026DC /* CharactersRepository.swift */,
				631D05012AC6B5BB006B6BAF /* CharactersRepositoryProtocol.swift */,
				633F80032ABF3DFC006026DC /* Local (FavoriteCharacters) */,
				630DE6322ABD5DD8009EA6F3 /* Network (All Characters) */,
			);
			path = Model;
			sourceTree = "<group>";
		};
		631D052E2AC6DE4F006B6BAF /* RickAndMorty-DTxAckee_Tests */ = {
			isa = PBXGroup;
			children = (
				631D053B2AC6DECB006B6BAF /* Mocks */,
				631D05382AC6DEB3006B6BAF /* Resolver */,
				631D05402AC6DFC9006B6BAF /* Tests */,
			);
			path = "RickAndMorty-DTxAckee_Tests";
			sourceTree = "<group>";
		};
		631D05382AC6DEB3006B6BAF /* Resolver */ = {
			isa = PBXGroup;
			children = (
				631D05362AC6DE76006B6BAF /* Resolver+XCTest.swift */,
			);
			path = Resolver;
			sourceTree = "<group>";
		};
		631D053B2AC6DECB006B6BAF /* Mocks */ = {
			isa = PBXGroup;
			children = (
				631D05392AC6DEC0006B6BAF /* MockNetworkService.swift */,
				631D05492AC821F1006B6BAF /* MockDataController.swift */,
				631D054B2AC840FD006B6BAF /* MockCharactersRepository.swift */,
				631D054F2AC84D91006B6BAF /* MockCharacterNetworkManager.swift */,
				631D05512AC84DA4006B6BAF /* MockCharacterLocalManager.swift */,
			);
			path = Mocks;
			sourceTree = "<group>";
		};
		631D05402AC6DFC9006B6BAF /* Tests */ = {
			isa = PBXGroup;
			children = (
				631D053E2AC6DFC5006B6BAF /* CharacterNetworkManagerTests.swift */,
				631D05432AC81E11006B6BAF /* CharacterLocalDataManagerTests.swift */,
				631D05532AC857D8006B6BAF /* CharactersRepositoryTests.swift */,
				631D05552ACAF201006B6BAF /* CharactersViewModelTest.swift */,
				631D05572ACAF212006B6BAF /* FavoriteCharactersViewModelTest.swift */,
				631D05592ACAF340006B6BAF /* CharactersDetailViewModelTest.swift */,
			);
			path = Tests;
			sourceTree = "<group>";
		};
		633F7FFD2ABF3BF1006026DC /* ViewModel */ = {
			isa = PBXGroup;
			children = (
				630DE64E2ABD97E8009EA6F3 /* CharactersViewModel.swift */,
				633F7FFE2ABF3C2D006026DC /* FavoriteCharactersViewModel.swift */,
				633F80142ABF4298006026DC /* CharactersDetailViewModel.swift */,
				633F802A2AC1667C006026DC /* CharacterCardViewModel.swift */,
				633F80442AC311DD006026DC /* CustomTabBarViewModel.swift */,
			);
			path = ViewModel;
			sourceTree = "<group>";
		};
		633F80032ABF3DFC006026DC /* Local (FavoriteCharacters) */ = {
			isa = PBXGroup;
			children = (
				633F80002ABF3D4C006026DC /* RickAndMorty.xcdatamodeld */,
				633F803D2AC1D48F006026DC /* CharacterLocal+CoreDataClass.swift */,
				633F803E2AC1D48F006026DC /* CharacterLocal+CoreDataProperties.swift */,
				633F80122ABF4145006026DC /* CharacterLocalDataManager.swift */,
				631D04F92AC6A4A7006B6BAF /* CharacterLocalManagerProtocol.swift */,
				633F801C2ABF5681006026DC /* LocalDataErrors.swift */,
				631D05452AC82000006B6BAF /* DataController.swift */,
				631D05472AC82143006B6BAF /* DataControllerProtocol.swift */,
			);
			path = "Local (FavoriteCharacters)";
			sourceTree = "<group>";
		};
		633F80302AC18EC9006026DC /* NetworkModel */ = {
			isa = PBXGroup;
			children = (
				630DE6392ABD6950009EA6F3 /* CharacterFetchModel.swift */,
				630DE63B2ABD6A18009EA6F3 /* CharacterNetwork.swift */,
				630DE63D2ABD6A2A009EA6F3 /* OriginOrLocation.swift */,
				630DE6412ABD6A5E009EA6F3 /* Info.swift */,
			);
			path = NetworkModel;
			sourceTree = "<group>";
		};
		633F80412AC2C7C4006026DC /* Injections */ = {
			isa = PBXGroup;
			children = (
				633F80342AC19660006026DC /* App+Injections.swift */,
			);
			path = Injections;
			sourceTree = "<group>";
		};
/* End PBXGroup section */

/* Begin PBXNativeTarget section */
		630DE6062ABC7F8A009EA6F3 /* RickAndMorty-DTxAckee */ = {
			isa = PBXNativeTarget;
			buildConfigurationList = 630DE6152ABC7F8C009EA6F3 /* Build configuration list for PBXNativeTarget "RickAndMorty-DTxAckee" */;
			buildPhases = (
				630DE6032ABC7F8A009EA6F3 /* Sources */,
				630DE6042ABC7F8A009EA6F3 /* Frameworks */,
				630DE6052ABC7F8A009EA6F3 /* Resources */,
				6325E0892ADD63F9004C0C8D /* Run SwintLint */,
			);
			buildRules = (
			);
			dependencies = (
			);
			name = "RickAndMorty-DTxAckee";
			packageProductDependencies = (
				633F80322AC1964C006026DC /* Resolver */,
				633F80372AC1C4A8006026DC /* CachedAsyncImage */,
			);
			productName = "RickAndMorty-DTxAckee";
			productReference = 630DE6072ABC7F8A009EA6F3 /* RickAndMorty-DTxAckee.app */;
			productType = "com.apple.product-type.application";
		};
		631D052C2AC6DE4F006B6BAF /* RickAndMorty-DTxAckee_Tests */ = {
			isa = PBXNativeTarget;
			buildConfigurationList = 631D05332AC6DE4F006B6BAF /* Build configuration list for PBXNativeTarget "RickAndMorty-DTxAckee_Tests" */;
			buildPhases = (
				631D05292AC6DE4F006B6BAF /* Sources */,
				631D052A2AC6DE4F006B6BAF /* Frameworks */,
				631D052B2AC6DE4F006B6BAF /* Resources */,
			);
			buildRules = (
			);
			dependencies = (
				631D05322AC6DE4F006B6BAF /* PBXTargetDependency */,
			);
			name = "RickAndMorty-DTxAckee_Tests";
			productName = "RickAndMorty-DTxAckee_Tests";
			productReference = 631D052D2AC6DE4F006B6BAF /* RickAndMorty-DTxAckee_Tests.xctest */;
			productType = "com.apple.product-type.bundle.unit-test";
		};
/* End PBXNativeTarget section */

/* Begin PBXProject section */
		630DE5FF2ABC7F8A009EA6F3 /* Project object */ = {
			isa = PBXProject;
			attributes = {
				BuildIndependentTargetsInParallel = 1;
				LastSwiftUpdateCheck = 1420;
				LastUpgradeCheck = 1420;
				TargetAttributes = {
					630DE6062ABC7F8A009EA6F3 = {
						CreatedOnToolsVersion = 14.2;
					};
					631D052C2AC6DE4F006B6BAF = {
						CreatedOnToolsVersion = 14.2;
						TestTargetID = 630DE6062ABC7F8A009EA6F3;
					};
				};
			};
			buildConfigurationList = 630DE6022ABC7F8A009EA6F3 /* Build configuration list for PBXProject "RickAndMorty-DTxAckee" */;
			compatibilityVersion = "Xcode 14.0";
			developmentRegion = en;
			hasScannedForEncodings = 0;
			knownRegions = (
				en,
				Base,
			);
			mainGroup = 630DE5FE2ABC7F8A009EA6F3;
			packageReferences = (
				633F80312AC1964C006026DC /* XCRemoteSwiftPackageReference "Resolver" */,
				633F80362AC1C4A8006026DC /* XCRemoteSwiftPackageReference "swiftui-cached-async-image" */,
			);
			productRefGroup = 630DE6082ABC7F8A009EA6F3 /* Products */;
			projectDirPath = "";
			projectRoot = "";
			targets = (
				630DE6062ABC7F8A009EA6F3 /* RickAndMorty-DTxAckee */,
				631D052C2AC6DE4F006B6BAF /* RickAndMorty-DTxAckee_Tests */,
			);
		};
/* End PBXProject section */

/* Begin PBXResourcesBuildPhase section */
		630DE6052ABC7F8A009EA6F3 /* Resources */ = {
			isa = PBXResourcesBuildPhase;
			buildActionMask = 2147483647;
			files = (
				63F8D4172AC32B8800AA8238 /* Assets.xcassets in Resources */,
				630DE6122ABC7F8C009EA6F3 /* Preview Assets.xcassets in Resources */,
			);
			runOnlyForDeploymentPostprocessing = 0;
		};
		631D052B2AC6DE4F006B6BAF /* Resources */ = {
			isa = PBXResourcesBuildPhase;
			buildActionMask = 2147483647;
			files = (
			);
			runOnlyForDeploymentPostprocessing = 0;
		};
/* End PBXResourcesBuildPhase section */

/* Begin PBXShellScriptBuildPhase section */
		6325E0892ADD63F9004C0C8D /* Run SwintLint */ = {
			isa = PBXShellScriptBuildPhase;
			buildActionMask = 2147483647;
			files = (
			);
			inputFileListPaths = (
			);
			inputPaths = (
			);
			name = "Run SwintLint";
			outputFileListPaths = (
			);
			outputPaths = (
			);
			runOnlyForDeploymentPostprocessing = 0;
			shellPath = /bin/sh;
			shellScript = "export PATH=\"$PATH:/opt/homebrew/bin\"\n\nif which swiftlint >/dev/null; then\n  swiftlint\nelse\n  echo \"warning: SwiftLint not installed, download from https://github.com/realm/SwiftLint\"\nfi\n";
		};
/* End PBXShellScriptBuildPhase section */

/* Begin PBXSourcesBuildPhase section */
		630DE6032ABC7F8A009EA6F3 /* Sources */ = {
			isa = PBXSourcesBuildPhase;
			buildActionMask = 2147483647;
			files = (
				630DE63E2ABD6A2A009EA6F3 /* OriginOrLocation.swift in Sources */,
				631D05482AC82143006B6BAF /* DataControllerProtocol.swift in Sources */,
				633F80152ABF4298006026DC /* CharactersDetailViewModel.swift in Sources */,
				633F803F2AC1D48F006026DC /* CharacterLocal+CoreDataClass.swift in Sources */,
				630DE60D2ABC7F8A009EA6F3 /* ContentView.swift in Sources */,
				633F7FFF2ABF3C2D006026DC /* FavoriteCharactersViewModel.swift in Sources */,
				630DE60B2ABC7F8A009EA6F3 /* RickAndMorty.swift in Sources */,
				630DE62F2ABCE54F009EA6F3 /* Color+CustomColors.swift in Sources */,
				633F80132ABF4145006026DC /* CharacterLocalDataManager.swift in Sources */,
				630DE64F2ABD97E8009EA6F3 /* CharactersViewModel.swift in Sources */,
				631D05022AC6B5BB006B6BAF /* CharactersRepositoryProtocol.swift in Sources */,
				630DE6512ABD9880009EA6F3 /* String+SlashIfEmpty.swift in Sources */,
				630DE6312ABD5DD4009EA6F3 /* CharacterNetworkManager.swift in Sources */,
				631D04FA2AC6A4A7006B6BAF /* CharacterLocalManagerProtocol.swift in Sources */,
				630DE61B2ABC8421009EA6F3 /* FavoriteCharactersView.swift in Sources */,
				633F80452AC311DD006026DC /* CustomTabBarViewModel.swift in Sources */,
				630DE63A2ABD6950009EA6F3 /* CharacterFetchModel.swift in Sources */,
				630DE6252ABCA028009EA6F3 /* TabBarItem.swift in Sources */,
				633F80022ABF3D4C006026DC /* RickAndMorty.xcdatamodeld in Sources */,
				633F801D2ABF5681006026DC /* LocalDataErrors.swift in Sources */,
				633F80352AC19660006026DC /* App+Injections.swift in Sources */,
				631D05262AC6DCEE006B6BAF /* NetworkService.swift in Sources */,
				630DE6232ABC9A36009EA6F3 /* TabBarItemsPreferenceKey.swift in Sources */,
				633F802B2AC1667C006026DC /* CharacterCardViewModel.swift in Sources */,
				630DE6192ABC8409009EA6F3 /* CharactersView.swift in Sources */,
				631D05002AC6B18E006B6BAF /* CharacterNetworkManagerProtocol.swift in Sources */,
				630DE64B2ABD7809009EA6F3 /* NetworkFetchErrors.swift in Sources */,
				633F80432AC2DBEC006026DC /* Image+CustomImageNames.swift in Sources */,
				630DE61D2ABC8439009EA6F3 /* CharactersDetailView.swift in Sources */,
				630DE62D2ABCD819009EA6F3 /* CharacterCardView.swift in Sources */,
				633F802F2AC18474006026DC /* CharactersRepository.swift in Sources */,
				633F80402AC1D48F006026DC /* CharacterLocal+CoreDataProperties.swift in Sources */,
				630DE61F2ABC862B009EA6F3 /* CustomTabBarView.swift in Sources */,
				631D05282AC6DDF8006B6BAF /* NetworkServiceProtocol.swift in Sources */,
				631D05462AC82000006B6BAF /* DataController.swift in Sources */,
				630DE63C2ABD6A18009EA6F3 /* CharacterNetwork.swift in Sources */,
				630DE6422ABD6A5E009EA6F3 /* Info.swift in Sources */,
				630DE6212ABC90F0009EA6F3 /* CustomTabBarContainerView.swift in Sources */,
			);
			runOnlyForDeploymentPostprocessing = 0;
		};
		631D05292AC6DE4F006B6BAF /* Sources */ = {
			isa = PBXSourcesBuildPhase;
			buildActionMask = 2147483647;
			files = (
				631D053F2AC6DFC5006B6BAF /* CharacterNetworkManagerTests.swift in Sources */,
				631D054C2AC840FD006B6BAF /* MockCharactersRepository.swift in Sources */,
				631D05582ACAF212006B6BAF /* FavoriteCharactersViewModelTest.swift in Sources */,
				631D05502AC84D91006B6BAF /* MockCharacterNetworkManager.swift in Sources */,
				631D053A2AC6DEC0006B6BAF /* MockNetworkService.swift in Sources */,
				631D05562ACAF201006B6BAF /* CharactersViewModelTest.swift in Sources */,
				631D05542AC857D8006B6BAF /* CharactersRepositoryTests.swift in Sources */,
				631D05372AC6DE76006B6BAF /* Resolver+XCTest.swift in Sources */,
				631D05442AC81E11006B6BAF /* CharacterLocalDataManagerTests.swift in Sources */,
				631D055A2ACAF340006B6BAF /* CharactersDetailViewModelTest.swift in Sources */,
				631D054A2AC821F1006B6BAF /* MockDataController.swift in Sources */,
				631D05522AC84DA4006B6BAF /* MockCharacterLocalManager.swift in Sources */,
			);
			runOnlyForDeploymentPostprocessing = 0;
		};
/* End PBXSourcesBuildPhase section */

/* Begin PBXTargetDependency section */
		631D05322AC6DE4F006B6BAF /* PBXTargetDependency */ = {
			isa = PBXTargetDependency;
			target = 630DE6062ABC7F8A009EA6F3 /* RickAndMorty-DTxAckee */;
			targetProxy = 631D05312AC6DE4F006B6BAF /* PBXContainerItemProxy */;
		};
/* End PBXTargetDependency section */

/* Begin XCBuildConfiguration section */
		630DE6132ABC7F8C009EA6F3 /* Debug */ = {
			isa = XCBuildConfiguration;
			buildSettings = {
				ALWAYS_SEARCH_USER_PATHS = NO;
				CLANG_ANALYZER_NONNULL = YES;
				CLANG_ANALYZER_NUMBER_OBJECT_CONVERSION = YES_AGGRESSIVE;
				CLANG_CXX_LANGUAGE_STANDARD = "gnu++20";
				CLANG_ENABLE_MODULES = YES;
				CLANG_ENABLE_OBJC_ARC = YES;
				CLANG_ENABLE_OBJC_WEAK = YES;
				CLANG_WARN_BLOCK_CAPTURE_AUTORELEASING = YES;
				CLANG_WARN_BOOL_CONVERSION = YES;
				CLANG_WARN_COMMA = YES;
				CLANG_WARN_CONSTANT_CONVERSION = YES;
				CLANG_WARN_DEPRECATED_OBJC_IMPLEMENTATIONS = YES;
				CLANG_WARN_DIRECT_OBJC_ISA_USAGE = YES_ERROR;
				CLANG_WARN_DOCUMENTATION_COMMENTS = YES;
				CLANG_WARN_EMPTY_BODY = YES;
				CLANG_WARN_ENUM_CONVERSION = YES;
				CLANG_WARN_INFINITE_RECURSION = YES;
				CLANG_WARN_INT_CONVERSION = YES;
				CLANG_WARN_NON_LITERAL_NULL_CONVERSION = YES;
				CLANG_WARN_OBJC_IMPLICIT_RETAIN_SELF = YES;
				CLANG_WARN_OBJC_LITERAL_CONVERSION = YES;
				CLANG_WARN_OBJC_ROOT_CLASS = YES_ERROR;
				CLANG_WARN_QUOTED_INCLUDE_IN_FRAMEWORK_HEADER = YES;
				CLANG_WARN_RANGE_LOOP_ANALYSIS = YES;
				CLANG_WARN_STRICT_PROTOTYPES = YES;
				CLANG_WARN_SUSPICIOUS_MOVE = YES;
				CLANG_WARN_UNGUARDED_AVAILABILITY = YES_AGGRESSIVE;
				CLANG_WARN_UNREACHABLE_CODE = YES;
				CLANG_WARN__DUPLICATE_METHOD_MATCH = YES;
				COPY_PHASE_STRIP = NO;
				DEBUG_INFORMATION_FORMAT = dwarf;
				ENABLE_STRICT_OBJC_MSGSEND = YES;
				ENABLE_TESTABILITY = YES;
				GCC_C_LANGUAGE_STANDARD = gnu11;
				GCC_DYNAMIC_NO_PIC = NO;
				GCC_NO_COMMON_BLOCKS = YES;
				GCC_OPTIMIZATION_LEVEL = 0;
				GCC_PREPROCESSOR_DEFINITIONS = (
					"DEBUG=1",
					"$(inherited)",
				);
				GCC_WARN_64_TO_32_BIT_CONVERSION = YES;
				GCC_WARN_ABOUT_RETURN_TYPE = YES_ERROR;
				GCC_WARN_UNDECLARED_SELECTOR = YES;
				GCC_WARN_UNINITIALIZED_AUTOS = YES_AGGRESSIVE;
				GCC_WARN_UNUSED_FUNCTION = YES;
				GCC_WARN_UNUSED_VARIABLE = YES;
				IPHONEOS_DEPLOYMENT_TARGET = 16.2;
				MTL_ENABLE_DEBUG_INFO = INCLUDE_SOURCE;
				MTL_FAST_MATH = YES;
				ONLY_ACTIVE_ARCH = YES;
				SDKROOT = iphoneos;
				SWIFT_ACTIVE_COMPILATION_CONDITIONS = DEBUG;
				SWIFT_OPTIMIZATION_LEVEL = "-Onone";
			};
			name = Debug;
		};
		630DE6142ABC7F8C009EA6F3 /* Release */ = {
			isa = XCBuildConfiguration;
			buildSettings = {
				ALWAYS_SEARCH_USER_PATHS = NO;
				CLANG_ANALYZER_NONNULL = YES;
				CLANG_ANALYZER_NUMBER_OBJECT_CONVERSION = YES_AGGRESSIVE;
				CLANG_CXX_LANGUAGE_STANDARD = "gnu++20";
				CLANG_ENABLE_MODULES = YES;
				CLANG_ENABLE_OBJC_ARC = YES;
				CLANG_ENABLE_OBJC_WEAK = YES;
				CLANG_WARN_BLOCK_CAPTURE_AUTORELEASING = YES;
				CLANG_WARN_BOOL_CONVERSION = YES;
				CLANG_WARN_COMMA = YES;
				CLANG_WARN_CONSTANT_CONVERSION = YES;
				CLANG_WARN_DEPRECATED_OBJC_IMPLEMENTATIONS = YES;
				CLANG_WARN_DIRECT_OBJC_ISA_USAGE = YES_ERROR;
				CLANG_WARN_DOCUMENTATION_COMMENTS = YES;
				CLANG_WARN_EMPTY_BODY = YES;
				CLANG_WARN_ENUM_CONVERSION = YES;
				CLANG_WARN_INFINITE_RECURSION = YES;
				CLANG_WARN_INT_CONVERSION = YES;
				CLANG_WARN_NON_LITERAL_NULL_CONVERSION = YES;
				CLANG_WARN_OBJC_IMPLICIT_RETAIN_SELF = YES;
				CLANG_WARN_OBJC_LITERAL_CONVERSION = YES;
				CLANG_WARN_OBJC_ROOT_CLASS = YES_ERROR;
				CLANG_WARN_QUOTED_INCLUDE_IN_FRAMEWORK_HEADER = YES;
				CLANG_WARN_RANGE_LOOP_ANALYSIS = YES;
				CLANG_WARN_STRICT_PROTOTYPES = YES;
				CLANG_WARN_SUSPICIOUS_MOVE = YES;
				CLANG_WARN_UNGUARDED_AVAILABILITY = YES_AGGRESSIVE;
				CLANG_WARN_UNREACHABLE_CODE = YES;
				CLANG_WARN__DUPLICATE_METHOD_MATCH = YES;
				COPY_PHASE_STRIP = NO;
				DEBUG_INFORMATION_FORMAT = "dwarf-with-dsym";
				ENABLE_NS_ASSERTIONS = NO;
				ENABLE_STRICT_OBJC_MSGSEND = YES;
				GCC_C_LANGUAGE_STANDARD = gnu11;
				GCC_NO_COMMON_BLOCKS = YES;
				GCC_WARN_64_TO_32_BIT_CONVERSION = YES;
				GCC_WARN_ABOUT_RETURN_TYPE = YES_ERROR;
				GCC_WARN_UNDECLARED_SELECTOR = YES;
				GCC_WARN_UNINITIALIZED_AUTOS = YES_AGGRESSIVE;
				GCC_WARN_UNUSED_FUNCTION = YES;
				GCC_WARN_UNUSED_VARIABLE = YES;
				IPHONEOS_DEPLOYMENT_TARGET = 16.2;
				MTL_ENABLE_DEBUG_INFO = NO;
				MTL_FAST_MATH = YES;
				SDKROOT = iphoneos;
				SWIFT_COMPILATION_MODE = wholemodule;
				SWIFT_OPTIMIZATION_LEVEL = "-O";
				VALIDATE_PRODUCT = YES;
			};
			name = Release;
		};
		630DE6162ABC7F8C009EA6F3 /* Debug */ = {
			isa = XCBuildConfiguration;
			buildSettings = {
				ASSETCATALOG_COMPILER_APPICON_NAME = AppIcon;
				ASSETCATALOG_COMPILER_GLOBAL_ACCENT_COLOR_NAME = AccentColor;
				CODE_SIGN_STYLE = Automatic;
				CURRENT_PROJECT_VERSION = 1;
				DEVELOPMENT_ASSET_PATHS = "\"RickAndMorty-DTxAckee/Preview Content\"";
				DEVELOPMENT_TEAM = Z9RF348FQB;
				ENABLE_PREVIEWS = YES;
				GENERATE_INFOPLIST_FILE = YES;
				INFOPLIST_KEY_UIApplicationSceneManifest_Generation = YES;
				INFOPLIST_KEY_UIApplicationSupportsIndirectInputEvents = YES;
				INFOPLIST_KEY_UILaunchScreen_Generation = YES;
				INFOPLIST_KEY_UISupportedInterfaceOrientations_iPad = "UIInterfaceOrientationPortrait UIInterfaceOrientationPortraitUpsideDown UIInterfaceOrientationLandscapeLeft UIInterfaceOrientationLandscapeRight";
				INFOPLIST_KEY_UISupportedInterfaceOrientations_iPhone = "UIInterfaceOrientationPortrait UIInterfaceOrientationLandscapeLeft UIInterfaceOrientationLandscapeRight";
				LD_RUNPATH_SEARCH_PATHS = (
					"$(inherited)",
					"@executable_path/Frameworks",
				);
				MARKETING_VERSION = 1.0;
				PRODUCT_BUNDLE_IDENTIFIER = "cc.tresnak.RickAndMorty-DTxAckee";
				PRODUCT_NAME = "$(TARGET_NAME)";
				SWIFT_EMIT_LOC_STRINGS = YES;
				SWIFT_VERSION = 5.0;
				TARGETED_DEVICE_FAMILY = "1,2";
			};
			name = Debug;
		};
		630DE6172ABC7F8C009EA6F3 /* Release */ = {
			isa = XCBuildConfiguration;
			buildSettings = {
				ASSETCATALOG_COMPILER_APPICON_NAME = AppIcon;
				ASSETCATALOG_COMPILER_GLOBAL_ACCENT_COLOR_NAME = AccentColor;
				CODE_SIGN_STYLE = Automatic;
				CURRENT_PROJECT_VERSION = 1;
				DEVELOPMENT_ASSET_PATHS = "\"RickAndMorty-DTxAckee/Preview Content\"";
				DEVELOPMENT_TEAM = Z9RF348FQB;
				ENABLE_PREVIEWS = YES;
				GENERATE_INFOPLIST_FILE = YES;
				INFOPLIST_KEY_UIApplicationSceneManifest_Generation = YES;
				INFOPLIST_KEY_UIApplicationSupportsIndirectInputEvents = YES;
				INFOPLIST_KEY_UILaunchScreen_Generation = YES;
				INFOPLIST_KEY_UISupportedInterfaceOrientations_iPad = "UIInterfaceOrientationPortrait UIInterfaceOrientationPortraitUpsideDown UIInterfaceOrientationLandscapeLeft UIInterfaceOrientationLandscapeRight";
				INFOPLIST_KEY_UISupportedInterfaceOrientations_iPhone = "UIInterfaceOrientationPortrait UIInterfaceOrientationLandscapeLeft UIInterfaceOrientationLandscapeRight";
				LD_RUNPATH_SEARCH_PATHS = (
					"$(inherited)",
					"@executable_path/Frameworks",
				);
				MARKETING_VERSION = 1.0;
				PRODUCT_BUNDLE_IDENTIFIER = "cc.tresnak.RickAndMorty-DTxAckee";
				PRODUCT_NAME = "$(TARGET_NAME)";
				SWIFT_EMIT_LOC_STRINGS = YES;
				SWIFT_VERSION = 5.0;
				TARGETED_DEVICE_FAMILY = "1,2";
			};
			name = Release;
		};
		631D05342AC6DE4F006B6BAF /* Debug */ = {
			isa = XCBuildConfiguration;
			buildSettings = {
				BUNDLE_LOADER = "$(TEST_HOST)";
				CODE_SIGN_STYLE = Automatic;
				CURRENT_PROJECT_VERSION = 1;
				DEVELOPMENT_TEAM = Z9RF348FQB;
				GENERATE_INFOPLIST_FILE = YES;
				MARKETING_VERSION = 1.0;
				PRODUCT_BUNDLE_IDENTIFIER = "cc.tresnak.RickAndMorty-DTxAckee-Tests";
				PRODUCT_NAME = "$(TARGET_NAME)";
				SWIFT_EMIT_LOC_STRINGS = NO;
				SWIFT_VERSION = 5.0;
				TARGETED_DEVICE_FAMILY = "1,2";
				TEST_HOST = "$(BUILT_PRODUCTS_DIR)/RickAndMorty-DTxAckee.app/$(BUNDLE_EXECUTABLE_FOLDER_PATH)/RickAndMorty-DTxAckee";
			};
			name = Debug;
		};
		631D05352AC6DE4F006B6BAF /* Release */ = {
			isa = XCBuildConfiguration;
			buildSettings = {
				BUNDLE_LOADER = "$(TEST_HOST)";
				CODE_SIGN_STYLE = Automatic;
				CURRENT_PROJECT_VERSION = 1;
				DEVELOPMENT_TEAM = Z9RF348FQB;
				GENERATE_INFOPLIST_FILE = YES;
				MARKETING_VERSION = 1.0;
				PRODUCT_BUNDLE_IDENTIFIER = "cc.tresnak.RickAndMorty-DTxAckee-Tests";
				PRODUCT_NAME = "$(TARGET_NAME)";
				SWIFT_EMIT_LOC_STRINGS = NO;
				SWIFT_VERSION = 5.0;
				TARGETED_DEVICE_FAMILY = "1,2";
				TEST_HOST = "$(BUILT_PRODUCTS_DIR)/RickAndMorty-DTxAckee.app/$(BUNDLE_EXECUTABLE_FOLDER_PATH)/RickAndMorty-DTxAckee";
			};
			name = Release;
		};
/* End XCBuildConfiguration section */

/* Begin XCConfigurationList section */
		630DE6022ABC7F8A009EA6F3 /* Build configuration list for PBXProject "RickAndMorty-DTxAckee" */ = {
			isa = XCConfigurationList;
			buildConfigurations = (
				630DE6132ABC7F8C009EA6F3 /* Debug */,
				630DE6142ABC7F8C009EA6F3 /* Release */,
			);
			defaultConfigurationIsVisible = 0;
			defaultConfigurationName = Release;
		};
		630DE6152ABC7F8C009EA6F3 /* Build configuration list for PBXNativeTarget "RickAndMorty-DTxAckee" */ = {
			isa = XCConfigurationList;
			buildConfigurations = (
				630DE6162ABC7F8C009EA6F3 /* Debug */,
				630DE6172ABC7F8C009EA6F3 /* Release */,
			);
			defaultConfigurationIsVisible = 0;
			defaultConfigurationName = Release;
		};
		631D05332AC6DE4F006B6BAF /* Build configuration list for PBXNativeTarget "RickAndMorty-DTxAckee_Tests" */ = {
			isa = XCConfigurationList;
			buildConfigurations = (
				631D05342AC6DE4F006B6BAF /* Debug */,
				631D05352AC6DE4F006B6BAF /* Release */,
			);
			defaultConfigurationIsVisible = 0;
			defaultConfigurationName = Release;
		};
/* End XCConfigurationList section */

/* Begin XCRemoteSwiftPackageReference section */
		633F80312AC1964C006026DC /* XCRemoteSwiftPackageReference "Resolver" */ = {
			isa = XCRemoteSwiftPackageReference;
			repositoryURL = "https://github.com/hmlongco/Resolver.git";
			requirement = {
				kind = upToNextMajorVersion;
				minimumVersion = 1.0.0;
			};
		};
		633F80362AC1C4A8006026DC /* XCRemoteSwiftPackageReference "swiftui-cached-async-image" */ = {
			isa = XCRemoteSwiftPackageReference;
			repositoryURL = "https://github.com/lorenzofiamingo/swiftui-cached-async-image.git";
			requirement = {
				kind = upToNextMajorVersion;
				minimumVersion = 2.0.0;
			};
		};
/* End XCRemoteSwiftPackageReference section */

/* Begin XCSwiftPackageProductDependency section */
		633F80322AC1964C006026DC /* Resolver */ = {
			isa = XCSwiftPackageProductDependency;
			package = 633F80312AC1964C006026DC /* XCRemoteSwiftPackageReference "Resolver" */;
			productName = Resolver;
		};
		633F80372AC1C4A8006026DC /* CachedAsyncImage */ = {
			isa = XCSwiftPackageProductDependency;
			package = 633F80362AC1C4A8006026DC /* XCRemoteSwiftPackageReference "swiftui-cached-async-image" */;
			productName = CachedAsyncImage;
		};
/* End XCSwiftPackageProductDependency section */

/* Begin XCVersionGroup section */
		633F80002ABF3D4C006026DC /* RickAndMorty.xcdatamodeld */ = {
			isa = XCVersionGroup;
			children = (
				633F80012ABF3D4C006026DC /* RickAndMorty.xcdatamodel */,
			);
			currentVersion = 633F80012ABF3D4C006026DC /* RickAndMorty.xcdatamodel */;
			path = RickAndMorty.xcdatamodeld;
			sourceTree = "<group>";
			versionGroupType = wrapper.xcdatamodel;
		};
/* End XCVersionGroup section */
	};
	rootObject = 630DE5FF2ABC7F8A009EA6F3 /* Project object */;
}
